
Microsoft Visual Studio Solution File, Format Version 12.00
# Visual Studio Version 16
VisualStudioVersion = 16.0.31911.196
MinimumVisualStudioVersion = 10.0.40219.1
Project("{8BC9CEB8-8B4A-11D0-8D11-00A0C91BC942}") = "circle", "circle\circle.vcxproj", "{E5023B89-0F54-40AE-8F12-E49AE1CDD636}"
EndProject
Global
	GlobalSection(SolutionConfigurationPlatforms) = preSolution
		Debug|x64 = Debug|x64
		Debug|x86 = Debug|x86
		Release|x64 = Release|x64
		Release|x86 = Release|x86
	EndGlobalSection
	GlobalSection(ProjectConfigurationPlatforms) = postSolution
		{E5023B89-0F54-40AE-8F12-E49AE1CDD636}.Debug|x64.ActiveCfg = Debug|x64
		{E5023B89-0F54-40AE-8F12-E49AE1CDD636}.Debug|x64.Build.0 = Debug|x64
		{E5023B89-0F54-40AE-8F12-E49AE1CDD636}.Debug|x86.ActiveCfg = Debug|Win32
		{E5023B89-0F54-40AE-8F12-E49AE1CDD636}.Debug|x86.Build.0 = Debug|Win32
		{E5023B89-0F54-40AE-8F12-E49AE1CDD636}.Release|x64.ActiveCfg = Release|x64
		{E5023B89-0F54-40AE-8F12-E49AE1CDD636}.Release|x64.Build.0 = Release|x64
		{E5023B89-0F54-40AE-8F12-E49AE1CDD636}.Release|x86.ActiveCfg = Release|Win32
		{E5023B89-0F54-40AE-8F12-E49AE1CDD636}.Release|x86.Build.0 = Release|Win32
	EndGlobalSection
	GlobalSection(SolutionProperties) = preSolution
		HideSolutionNode = FALSE
	EndGlobalSection
	GlobalSection(ExtensibilityGlobals) = postSolution
		SolutionGuid = {8EE81CE2-8692-4134-A60E-52B4B2394049}
	EndGlobalSection
EndGlobal
